#MicroXplorer Configuration settings - do not modify
ADC1.Channel-1\#ChannelRegularConversion=ADC_CHANNEL_VREFINT
ADC1.Channel-2\#ChannelRegularConversion=ADC_CHANNEL_VREFINT
ADC1.Channel-3\#ChannelRegularConversion=ADC_CHANNEL_VREFINT
ADC1.Channel-4\#ChannelRegularConversion=ADC_CHANNEL_TEMPSENSOR
ADC1.ClockPrescaler=ADC_CLOCK_ASYNC_DIV4
ADC1.ContinuousConvMode=DISABLE
ADC1.DMAAccessModeView=ENABLE
ADC1.DMAContinuousRequests=ENABLE
ADC1.DiscontinuousConvMode=DISABLE
ADC1.EOCSelection=ADC_EOC_SEQ_CONV
ADC1.ExternalTrigConv=ADC_EXTERNALTRIG_T3_TRGO
ADC1.ExternalTrigConvEdge=ADC_EXTERNALTRIGCONVEDGE_RISING
ADC1.IPParameters=Rank-1\#ChannelRegularConversion,Channel-1\#ChannelRegularConversion,SamplingTime-1\#ChannelRegularConversion,OffsetNumber-1\#ChannelRegularConversion,MonitoredBy-1\#ChannelRegularConversion,NbrOfConversionFlag,ContinuousConvMode,DMAContinuousRequests,SamplingMode,ClockPrescaler,NbrOfConversion,DiscontinuousConvMode,Overrun,OversamplingMode,Rank-2\#ChannelRegularConversion,Channel-2\#ChannelRegularConversion,SamplingTime-2\#ChannelRegularConversion,OffsetNumber-2\#ChannelRegularConversion,MonitoredBy-2\#ChannelRegularConversion,ExternalTrigConv,Ratio,RightBitShift,Mode,Rank-3\#ChannelRegularConversion,Channel-3\#ChannelRegularConversion,SamplingTime-3\#ChannelRegularConversion,OffsetNumber-3\#ChannelRegularConversion,MonitoredBy-3\#ChannelRegularConversion,EOCSelection,Rank-4\#ChannelRegularConversion,Channel-4\#ChannelRegularConversion,SamplingTime-4\#ChannelRegularConversion,OffsetNumber-4\#ChannelRegularConversion,MonitoredBy-4\#ChannelRegularConversion,ExternalTrigConvEdge,DMAAccessModeView,master
ADC1.Mode=ADC_DUALMODE_REGSIMULT
ADC1.MonitoredBy-1\#ChannelRegularConversion=__NULL
ADC1.MonitoredBy-2\#ChannelRegularConversion=__NULL
ADC1.MonitoredBy-3\#ChannelRegularConversion=__NULL
ADC1.MonitoredBy-4\#ChannelRegularConversion=__NULL
ADC1.NbrOfConversion=4
ADC1.NbrOfConversionFlag=1
ADC1.OffsetNumber-1\#ChannelRegularConversion=ADC_OFFSET_NONE
ADC1.OffsetNumber-2\#ChannelRegularConversion=ADC_OFFSET_NONE
ADC1.OffsetNumber-3\#ChannelRegularConversion=ADC_OFFSET_NONE
ADC1.OffsetNumber-4\#ChannelRegularConversion=ADC_OFFSET_NONE
ADC1.Overrun=ADC_OVR_DATA_OVERWRITTEN
ADC1.OversamplingMode=ENABLE
ADC1.Rank-1\#ChannelRegularConversion=1
ADC1.Rank-2\#ChannelRegularConversion=2
ADC1.Rank-3\#ChannelRegularConversion=3
ADC1.Rank-4\#ChannelRegularConversion=4
ADC1.Ratio=ADC_OVERSAMPLING_RATIO_8
ADC1.RightBitShift=ADC_RIGHTBITSHIFT_3
ADC1.SamplingMode=ADC_SAMPLING_MODE_NORMAL
ADC1.SamplingTime-1\#ChannelRegularConversion=ADC_SAMPLETIME_247CYCLES_5
ADC1.SamplingTime-2\#ChannelRegularConversion=ADC_SAMPLETIME_247CYCLES_5
ADC1.SamplingTime-3\#ChannelRegularConversion=ADC_SAMPLETIME_247CYCLES_5
ADC1.SamplingTime-4\#ChannelRegularConversion=ADC_SAMPLETIME_247CYCLES_5
ADC1.master=1
ADC2.Channel-0\#ChannelRegularConversion=ADC_CHANNEL_9
ADC2.Channel-1\#ChannelRegularConversion=ADC_CHANNEL_5
ADC2.Channel-2\#ChannelRegularConversion=ADC_CHANNEL_13
ADC2.Channel-3\#ChannelRegularConversion=ADC_CHANNEL_5
ADC2.ClockPrescaler=ADC_CLOCK_ASYNC_DIV4
ADC2.DMAAccessModeView=ENABLE
ADC2.DMAContinuousRequests=ENABLE
ADC2.EOCSelection=ADC_EOC_SEQ_CONV
ADC2.IPParameters=Rank-0\#ChannelRegularConversion,Channel-0\#ChannelRegularConversion,SamplingTime-0\#ChannelRegularConversion,OffsetNumber-0\#ChannelRegularConversion,MonitoredBy-0\#ChannelRegularConversion,NbrOfConversionFlag,DMAContinuousRequests,Overrun,OversamplingMode,NbrOfConversion,Rank-1\#ChannelRegularConversion,Channel-1\#ChannelRegularConversion,SamplingTime-1\#ChannelRegularConversion,OffsetNumber-1\#ChannelRegularConversion,MonitoredBy-1\#ChannelRegularConversion,EOCSelection,Rank-2\#ChannelRegularConversion,Channel-2\#ChannelRegularConversion,OffsetNumber-2\#ChannelRegularConversion,MonitoredBy-2\#ChannelRegularConversion,RightBitShift,Ratio,ClockPrescaler,SamplingTime-2\#ChannelRegularConversion,Rank-3\#ChannelRegularConversion,Channel-3\#ChannelRegularConversion,SamplingTime-3\#ChannelRegularConversion,OffsetNumber-3\#ChannelRegularConversion,MonitoredBy-3\#ChannelRegularConversion,Mode,DMAAccessModeView
ADC2.Mode=ADC_DUALMODE_REGSIMULT
ADC2.MonitoredBy-0\#ChannelRegularConversion=__NULL
ADC2.MonitoredBy-1\#ChannelRegularConversion=__NULL
ADC2.MonitoredBy-2\#ChannelRegularConversion=__NULL
ADC2.MonitoredBy-3\#ChannelRegularConversion=__NULL
ADC2.NbrOfConversion=4
ADC2.NbrOfConversionFlag=1
ADC2.OffsetNumber-0\#ChannelRegularConversion=ADC_OFFSET_NONE
ADC2.OffsetNumber-1\#ChannelRegularConversion=ADC_OFFSET_NONE
ADC2.OffsetNumber-2\#ChannelRegularConversion=ADC_OFFSET_NONE
ADC2.OffsetNumber-3\#ChannelRegularConversion=ADC_OFFSET_NONE
ADC2.Overrun=ADC_OVR_DATA_OVERWRITTEN
ADC2.OversamplingMode=ENABLE
ADC2.Rank-0\#ChannelRegularConversion=1
ADC2.Rank-1\#ChannelRegularConversion=2
ADC2.Rank-2\#ChannelRegularConversion=3
ADC2.Rank-3\#ChannelRegularConversion=4
ADC2.Ratio=ADC_OVERSAMPLING_RATIO_8
ADC2.RightBitShift=ADC_RIGHTBITSHIFT_3
ADC2.SamplingTime-0\#ChannelRegularConversion=ADC_SAMPLETIME_247CYCLES_5
ADC2.SamplingTime-1\#ChannelRegularConversion=ADC_SAMPLETIME_247CYCLES_5
ADC2.SamplingTime-2\#ChannelRegularConversion=ADC_SAMPLETIME_247CYCLES_5
ADC2.SamplingTime-3\#ChannelRegularConversion=ADC_SAMPLETIME_247CYCLES_5
BOOTPATH.BootPathName=LEGACY
BOOTPATH.IPParameters=BootPathName
BOOTPATH.UserSelectedBootPath=LEGACY
CAD.formats=[]
CAD.pinconfig=Dual
CAD.provider=
CORTEX_M33_NS.AccessPermission-Cortex_Memory_Protection_Unit_Region0_Settings=MPU_REGION_ALL_RO
CORTEX_M33_NS.AccessPermission-Cortex_Memory_Protection_Unit_Region1_Settings=MPU_REGION_ALL_RW
CORTEX_M33_NS.AllocateAttribute-Cortex_Memory_Protection_Unit_Region0_Settings=MPU_R_ALLOCATE
CORTEX_M33_NS.AllocateAttribute-Cortex_Memory_Protection_Unit_Region1_Settings=MPU_NO_ALLOCATE
CORTEX_M33_NS.AttributesIndex-Cortex_Memory_Protection_Unit_Region1_Settings=MPU_ATTRIBUTES_NUMBER1
CORTEX_M33_NS.BaseAddress-Cortex_Memory_Protection_Unit_Region0_Settings=0x08fff800
CORTEX_M33_NS.BaseAddress-Cortex_Memory_Protection_Unit_Region1_Settings=0x9000000
CORTEX_M33_NS.DisableExec-Cortex_Memory_Protection_Unit_Region0_Settings=MPU_INSTRUCTION_ACCESS_DISABLE
CORTEX_M33_NS.DisableExec-Cortex_Memory_Protection_Unit_Region1_Settings=MPU_INSTRUCTION_ACCESS_DISABLE
CORTEX_M33_NS.Enable-Cortex_Memory_Protection_Unit_Region0_Settings=MPU_REGION_ENABLE
CORTEX_M33_NS.Enable-Cortex_Memory_Protection_Unit_Region1_Settings=MPU_REGION_ENABLE
CORTEX_M33_NS.IPParameters=MPU_Control,Enable-Cortex_Memory_Protection_Unit_Region0_Settings,BaseAddress-Cortex_Memory_Protection_Unit_Region0_Settings,LimitAddress-Cortex_Memory_Protection_Unit_Region0_Settings,AccessPermission-Cortex_Memory_Protection_Unit_Region0_Settings,AllocateAttribute-Cortex_Memory_Protection_Unit_Region0_Settings,IsShareable-Cortex_Memory_Protection_Unit_Region0_Settings,DisableExec-Cortex_Memory_Protection_Unit_Region0_Settings,Enable-Cortex_Memory_Protection_Unit_Region1_Settings,BaseAddress-Cortex_Memory_Protection_Unit_Region1_Settings,LimitAddress-Cortex_Memory_Protection_Unit_Region1_Settings,DisableExec-Cortex_Memory_Protection_Unit_Region1_Settings,AccessPermission-Cortex_Memory_Protection_Unit_Region1_Settings,TransientAttribute-Cortex_Memory_Protection_Unit_Region1_Settings,AttributesIndex-Cortex_Memory_Protection_Unit_Region1_Settings,AllocateAttribute-Cortex_Memory_Protection_Unit_Region1_Settings
CORTEX_M33_NS.IsShareable-Cortex_Memory_Protection_Unit_Region0_Settings=MPU_ACCESS_OUTER_SHAREABLE
CORTEX_M33_NS.LimitAddress-Cortex_Memory_Protection_Unit_Region0_Settings=0x08fff900
CORTEX_M33_NS.LimitAddress-Cortex_Memory_Protection_Unit_Region1_Settings=0x9017FFF
CORTEX_M33_NS.MPU_Control=MPU_PRIVILEGED_DEFAULT
CORTEX_M33_NS.TransientAttribute-Cortex_Memory_Protection_Unit_Region1_Settings=MPU_NON_TRANSIENT
CORTEX_M33_NS.userName=CORTEX_M33
CRC.IPParameters=InputDataFormat
CRC.InputDataFormat=CRC_INPUTDATA_FORMAT_WORDS
ETH.ETH_RX_DESC_CNT=16
ETH.ETH_TX_DESC_CNT=16
ETH.IPParameters=MediaInterface,MACAddr,ETH_RX_DESC_CNT,ETH_TX_DESC_CNT
ETH.MACAddr=04\:7B\:CB\:96\:6B\:A4
ETH.MediaInterface=HAL_ETH_RMII_MODE
FLASH.B1_BLOCK_active=true
FLASH.B1_endSector=127
FLASH.B1_startSector=120
FLASH.B2_BLOCK_active=true
FLASH.B2_Bank=FLASH_BANK_2
FLASH.B2_endSector=127
FLASH.B2_startSector=120
FLASH.EDATA1size=8
FLASH.EDATA2size=8
FLASH.IPParameters=OB_OTP_LOCK_active,OB_EDATA2_active,OB_EDATA1_active,EDATA1size,EDATA2size,B1_BLOCK_active,B1_endSector,B1_startSector,B2_BLOCK_active,B2_endSector,B2_Bank,B2_startSector
FLASH.OB_EDATA1_active=true
FLASH.OB_EDATA2_active=true
FLASH.OB_OTP_LOCK_active=false
File.Version=6
GPDMA1.CIRCULARMODE_GPDMACH0=ENABLE
GPDMA1.CIRCULARMODE_GPDMACH1=ENABLE
GPDMA1.CIRCULARMODE_GPDMACH2=ENABLE
GPDMA1.CIRCULARMODE_GPDMACH3=DISABLE
GPDMA1.ChannelPRIV_GPDMACH0=DMA_CHANNEL_NPRIV
GPDMA1.DATAHANDLING_GPDMACH3=ENABLE
GPDMA1.DESTDATAWIDTH_GPDMACH0=DMA_DEST_DATAWIDTH_BYTE
GPDMA1.DESTDATAWIDTH_GPDMACH1=DMA_DEST_DATAWIDTH_WORD
GPDMA1.DESTDATAWIDTH_GPDMACH3=DMA_DEST_DATAWIDTH_WORD
GPDMA1.DESTINC_GPDMACH1=DMA_DINC_INCREMENTED
GPDMA1.DESTINC_GPDMACH3=DMA_DINC_INCREMENTED
GPDMA1.DIRECTION_GPDMACH0=DMA_MEMORY_TO_PERIPH
GPDMA1.IPHANDLE_GPDMACH0-SIMPLEREQUEST_GPDMACH0=__NULL
GPDMA1.IPHANDLE_GPDMACH1-SIMPLEREQUEST_GPDMACH1=__NULL
GPDMA1.IPHANDLE_GPDMACH2-SIMPLEREQUEST_GPDMACH2=__NULL
GPDMA1.IPParameters=ChannelPRIV_GPDMACH0,REQUEST_GPDMACH1,SRCDATAWIDTH_GPDMACH1,DESTDATAWIDTH_GPDMACH1,DESTINC_GPDMACH1,CIRCULARMODE_GPDMACH1,REQUEST_GPDMACH0,DIRECTION_GPDMACH0,SRCINC_GPDMACH0,SRCDATAWIDTH_GPDMACH0,DESTDATAWIDTH_GPDMACH0,CIRCULARMODE_GPDMACH0,PRIORITY_LL_CIRCULAR_GPDMACH0,CIRCULARMODE_GPDMACH2,REQUEST_GPDMACH2,DESTDATAWIDTH_GPDMACH3,SRCINC_GPDMACH3,DESTINC_GPDMACH3,SRCDATAWIDTH_GPDMACH3,TRANSFERALLOCATEDPORTSRC_GPDMACH3,TRANSFERALLOCATEDPORTDEST_GPDMACH3,DATAHANDLING_GPDMACH3,CIRCULARMODE_GPDMACH3,IPHANDLE_GPDMACH2-SIMPLEREQUEST_GPDMACH2,IPHANDLE_GPDMACH1-SIMPLEREQUEST_GPDMACH1,IPHANDLE_GPDMACH0-SIMPLEREQUEST_GPDMACH0,PRIORITY_GPDMACH3,TRIGGERPOLARITY_GPDMACH3
GPDMA1.PRIORITY_GPDMACH3=DMA_LOW_PRIORITY_MID_WEIGHT
GPDMA1.PRIORITY_LL_CIRCULAR_GPDMACH0=DMA_LOW_PRIORITY_HIGH_WEIGHT
GPDMA1.REQUEST_GPDMACH0=GPDMA1_REQUEST_TIM2_CH3
GPDMA1.REQUEST_GPDMACH1=GPDMA1_REQUEST_ADC1
GPDMA1.REQUEST_GPDMACH2=GPDMA1_REQUEST_ADC2
GPDMA1.SRCDATAWIDTH_GPDMACH0=DMA_SRC_DATAWIDTH_BYTE
GPDMA1.SRCDATAWIDTH_GPDMACH1=DMA_SRC_DATAWIDTH_WORD
GPDMA1.SRCDATAWIDTH_GPDMACH3=DMA_SRC_DATAWIDTH_WORD
GPDMA1.SRCINC_GPDMACH0=DMA_SINC_INCREMENTED
GPDMA1.SRCINC_GPDMACH3=DMA_SINC_INCREMENTED
GPDMA1.TRANSFERALLOCATEDPORTDEST_GPDMACH3=DMA_DEST_ALLOCATED_PORT1
GPDMA1.TRANSFERALLOCATEDPORTSRC_GPDMACH3=DMA_SRC_ALLOCATED_PORT1
GPDMA1.TRIGGERPOLARITY_GPDMACH3=DMA_TRIG_POLARITY_MASKED
GPIO.groupedBy=Group By Peripherals
KeepUserPlacement=false
MMTAppReg1.MEMORYMAP.AP=RW_all
MMTAppReg1.MEMORYMAP.AppRegionName=FLASH
MMTAppReg1.MEMORYMAP.Cacheability=NonCacheable
MMTAppReg1.MEMORYMAP.ContextName=CortexM33
MMTAppReg1.MEMORYMAP.CoreName=ARM Cortex-M33
MMTAppReg1.MEMORYMAP.DefaultDataRegion=false
MMTAppReg1.MEMORYMAP.IPParameters=StartAddress,Size,CoreName,SizeUnit,DefaultDataRegion,MemType,ContextName,Name,AP,Cacheability
MMTAppReg1.MEMORYMAP.MemType=ROM
MMTAppReg1.MEMORYMAP.Name=FLASH
MMTAppReg1.MEMORYMAP.Size=2097152
MMTAppReg1.MEMORYMAP.SizeUnit=MB
MMTAppReg1.MEMORYMAP.StartAddress=0x08000000
MMTAppReg2.MEMORYMAP.AP=RW_all
MMTAppReg2.MEMORYMAP.AppRegionName=RAM
MMTAppReg2.MEMORYMAP.Cacheability=NonCacheable
MMTAppReg2.MEMORYMAP.ContextName=CortexM33
MMTAppReg2.MEMORYMAP.CoreName=ARM Cortex-M33
MMTAppReg2.MEMORYMAP.DefaultDataRegion=false
MMTAppReg2.MEMORYMAP.IPParameters=StartAddress,Size,CoreName,DefaultDataRegion,ContextName,Name,AP,Cacheability
MMTAppReg2.MEMORYMAP.Name=RAM
MMTAppReg2.MEMORYMAP.Size=655360
MMTAppReg2.MEMORYMAP.StartAddress=0x20000000
MMTAppReg3.MEMORYMAP.AppRegionName=RAM Reserved Alias Region
MMTAppReg3.MEMORYMAP.CoreName=ARM Cortex-M33
MMTAppReg3.MEMORYMAP.DefaultDataRegion=false
MMTAppReg3.MEMORYMAP.IPParameters=StartAddress,Size,CoreName,DefaultDataRegion,ReservedRegion,Name
MMTAppReg3.MEMORYMAP.Name=RAM Reserved Alias Region
MMTAppReg3.MEMORYMAP.ReservedRegion=true
MMTAppReg3.MEMORYMAP.Size=655360
MMTAppReg3.MEMORYMAP.StartAddress=0xa000000
MMTAppRegionsCount=3
MMTConfigApplied=false
Mcu.CPN=STM32H573VIT6
Mcu.ContextProject=TrustZoneDisabled
Mcu.Family=STM32H5
Mcu.IP0=ADC1
Mcu.IP1=ADC2
Mcu.IP10=MEMORYMAP
Mcu.IP11=NETXDUO
Mcu.IP12=NVIC
Mcu.IP13=PWR
Mcu.IP14=RCC
Mcu.IP15=SYS
Mcu.IP16=THREADX
Mcu.IP17=TIM2
Mcu.IP18=TIM3
Mcu.IP19=UART8
Mcu.IP2=BOOTPATH
Mcu.IP20=VREFBUF
Mcu.IP21=WWDG
Mcu.IP3=CORTEX_M33_NS
Mcu.IP4=CRC
Mcu.IP5=DEBUG
Mcu.IP6=ETH
Mcu.IP7=FLASH
Mcu.IP8=GPDMA1
Mcu.IP9=ICACHE
Mcu.IPNb=22
Mcu.Name=STM32H573VITx
Mcu.Package=LQFP100
Mcu.Pin0=PE2
Mcu.Pin1=PE3
Mcu.Pin10=PA1
Mcu.Pin11=PA2
Mcu.Pin12=PA5
Mcu.Pin13=PA7
Mcu.Pin14=PC4
Mcu.Pin15=PC5
Mcu.Pin16=PB0
Mcu.Pin17=PB1
Mcu.Pin18=PE7
Mcu.Pin19=PE8
Mcu.Pin2=PE4
Mcu.Pin20=PE9
Mcu.Pin21=PE10
Mcu.Pin22=PE13
Mcu.Pin23=PB10
Mcu.Pin24=PB12
Mcu.Pin25=PB15
Mcu.Pin26=PD8
Mcu.Pin27=PD9
Mcu.Pin28=PD10
Mcu.Pin29=PD11
Mcu.Pin3=PE5
Mcu.Pin30=PD12
Mcu.Pin31=PD13
Mcu.Pin32=PD14
Mcu.Pin33=PD15
Mcu.Pin34=PA13(JTMS/SWDIO)
Mcu.Pin35=PA14(JTCK/SWCLK)
Mcu.Pin36=PA15(JTDI)
Mcu.Pin37=PC10
Mcu.Pin38=PC11
Mcu.Pin39=PC12
Mcu.Pin4=PE6
Mcu.Pin40=PD0
Mcu.Pin41=PD1
Mcu.Pin42=PD2
Mcu.Pin43=PD3
Mcu.Pin44=PD5
Mcu.Pin45=PD6
Mcu.Pin46=PD7
Mcu.Pin47=PB3(JTDO/TRACESWO)
Mcu.Pin48=PB4(NJTRST)
Mcu.Pin49=PB5
Mcu.Pin5=PH0-OSC_IN(PH0)
Mcu.Pin50=PB6
Mcu.Pin51=PB7
Mcu.Pin52=PB8
Mcu.Pin53=PB9
Mcu.Pin54=PE0
Mcu.Pin55=VP_ADC1_TempSens_Input
Mcu.Pin56=VP_ADC1_Vref_Input
Mcu.Pin57=VP_CORTEX_M33_NS_VS_Hclk
Mcu.Pin58=VP_CRC_VS_CRC
Mcu.Pin59=VP_FLASH_SIG_Activate_FlashIP
Mcu.Pin6=PH1-OSC_OUT(PH1)
Mcu.Pin60=VP_GPDMA1_VS_GPDMACH0
Mcu.Pin61=VP_GPDMA1_VS_GPDMACH1
Mcu.Pin62=VP_GPDMA1_VS_GPDMACH2
Mcu.Pin63=VP_ICACHE_VS_ICACHE
Mcu.Pin64=VP_NETXDUO_VS_NXOoCore
Mcu.Pin65=VP_NETXDUO_VS_AddonsOoDHCP
Mcu.Pin66=VP_NETXDUO_VS_AddonsOomDNS
Mcu.Pin67=VP_NETXDUO_VS_NetworkOoInterface
Mcu.Pin68=VP_NETXDUO_VS_EthernetOoPhyOoInterface
Mcu.Pin69=VP_PWR_VS_SECSignals
Mcu.Pin7=PC1
Mcu.Pin70=VP_PWR_VS_DBSignals
Mcu.Pin71=VP_SYS_VS_tim6
Mcu.Pin72=VP_THREADX_VS_RTOSJjThreadXJjCoreJjDefault
Mcu.Pin73=VP_TIM2_VS_ClockSourceINT
Mcu.Pin74=VP_TIM3_VS_ClockSourceINT
Mcu.Pin75=VP_TIM3_VS_OPM
Mcu.Pin76=VP_VREFBUF_V_VREFBUF
Mcu.Pin77=VP_WWDG_VS_WWDG
Mcu.Pin78=VP_BOOTPATH_VS_BOOTPATH
Mcu.Pin79=VP_MEMORYMAP_VS_MEMORYMAP
Mcu.Pin8=PC3
Mcu.Pin9=PA0
Mcu.PinsNb=80
Mcu.ThirdPartyNb=0
Mcu.UserConstants=
Mcu.UserName=STM32H573VITx
MxCube.Version=6.12.0
MxDb.Version=DB.6.0.120
NETXDUO.ETH_ON=1
NETXDUO.IPParameters=ETH_ON,LAN_8742,NetXDuo_Generate_Init_Code,Initialize_TCP_protocol,Initialize_ICMP_protocol,NX_APP_MEM_POOL_SIZE,NX_APP_THREAD_STACK_SIZE,NX_APP_IP_INSTANCE_THREAD_SIZE,NX_DISABLE_UDP_RX_CHECKSUM,NX_DISABLE_UDP_TX_CHECKSUM,NX_DISABLE_RX_SIZE_CHECKING,NX_DISABLE_IP_RX_CHECKSUM,NX_APP_PACKET_POOL_SIZE,NetXDuo_Application_Thread_Name,NX_ENABLE_TCP_KEEPALIVE,NX_TCP_KEEPALIVE_INITIAL,NX_TCP_KEEPALIVE_RETRY
NETXDUO.Initialize_ICMP_protocol=true
NETXDUO.Initialize_TCP_protocol=true
NETXDUO.LAN_8742=1
NETXDUO.NX_APP_IP_INSTANCE_THREAD_SIZE=2*1024
NETXDUO.NX_APP_MEM_POOL_SIZE=40960
NETXDUO.NX_APP_PACKET_POOL_SIZE=10
NETXDUO.NX_APP_THREAD_STACK_SIZE=2*1024
NETXDUO.NX_DISABLE_IP_RX_CHECKSUM=false
NETXDUO.NX_DISABLE_RX_SIZE_CHECKING=false
NETXDUO.NX_DISABLE_UDP_RX_CHECKSUM=false
NETXDUO.NX_DISABLE_UDP_TX_CHECKSUM=false
NETXDUO.NX_ENABLE_TCP_KEEPALIVE=true
NETXDUO.NX_TCP_KEEPALIVE_INITIAL=120
NETXDUO.NX_TCP_KEEPALIVE_RETRY=120
NETXDUO.NetXDuo_Application_Thread_Name=App_Main_Thread_Entry
NETXDUO.NetXDuo_Generate_Init_Code=true
NVIC.BusFault_IRQn=true\:0\:0\:false\:false\:true\:false\:false\:false\:false
NVIC.DebugMonitor_IRQn=true\:0\:0\:false\:false\:true\:false\:false\:false\:false
NVIC.ETH_IRQn=true\:5\:0\:true\:false\:true\:false\:true\:true\:true
NVIC.FLASH_IRQn=true\:8\:0\:true\:false\:true\:false\:true\:true\:true
NVIC.ForceEnableDMAVector=true
NVIC.GPDMA1_Channel0_IRQn=true\:0\:0\:true\:false\:true\:true\:false\:true\:true
NVIC.GPDMA1_Channel1_IRQn=true\:0\:0\:true\:false\:true\:true\:false\:true\:true
NVIC.GPDMA1_Channel2_IRQn=true\:0\:0\:false\:false\:true\:true\:false\:true\:true
NVIC.HardFault_IRQn=true\:0\:0\:false\:false\:true\:false\:false\:false\:false
NVIC.MemoryManagement_IRQn=true\:0\:0\:false\:false\:true\:false\:false\:false\:false
NVIC.NonMaskableInt_IRQn=true\:0\:0\:false\:false\:true\:false\:false\:false\:false
NVIC.PendSV_IRQn=true\:0\:0\:false\:false\:false\:false\:false\:false\:false
NVIC.PriorityGroup=NVIC_PRIORITYGROUP_4
NVIC.SVCall_IRQn=true\:0\:0\:false\:false\:false\:false\:false\:false\:false
NVIC.SavedPendsvIrqHandlerGenerated=true
NVIC.SavedSvcallIrqHandlerGenerated=true
NVIC.SavedSystickIrqHandlerGenerated=true
NVIC.SysTick_IRQn=true\:0\:0\:false\:false\:false\:false\:false\:true\:false
NVIC.TIM3_IRQn=true\:5\:0\:true\:false\:true\:false\:true\:true\:true
NVIC.TIM6_IRQn=true\:15\:0\:true\:false\:true\:false\:false\:true\:true
NVIC.TimeBase=TIM6_IRQn
NVIC.TimeBaseIP=TIM6
NVIC.UART8_IRQn=true\:6\:0\:true\:false\:true\:false\:true\:true\:true
NVIC.UsageFault_IRQn=true\:0\:0\:false\:false\:true\:false\:false\:false\:false
NVIC.WWDG_IRQn=true\:0\:0\:false\:false\:true\:false\:true\:true\:true
NetXDuo.BSP.number=1
NetXDuo0.BSP.STBoard=false
NetXDuo0.BSP.api=BSP_COMPONENT_DRIVER
NetXDuo0.BSP.component=lan8742
NetXDuo0.BSP.condition=
NetXDuo0.BSP.instance=lan8742
NetXDuo0.BSP.ip=
NetXDuo0.BSP.mode=
NetXDuo0.BSP.name=LAN_Component
NetXDuo0.BSP.semaphore=SEMA_lan8742
NetXDuo0.BSP.solution=lan8742
PA0.GPIOParameters=PinState,GPIO_Label
PA0.GPIO_Label=ETH_nRST
PA0.Locked=true
PA0.PinState=GPIO_PIN_RESET
PA0.Signal=GPIO_Output
PA1.GPIOParameters=GPIO_Speed_Default_HIGH
PA1.GPIO_Speed_Default_HIGH=GPIO_SPEED_FREQ_VERY_HIGH
PA1.Mode=RMII
PA1.Signal=ETH_REF_CLK
PA13(JTMS/SWDIO).Mode=Serial_Wire
PA13(JTMS/SWDIO).Signal=DEBUG_JTMS-SWDIO
PA14(JTCK/SWCLK).Mode=Serial_Wire
PA14(JTCK/SWCLK).Signal=DEBUG_JTCK-SWCLK
PA15(JTDI).GPIOParameters=GPIO_Speed,PinState,GPIO_PuPd,GPIO_Label,GPIO_ModeDefaultOutputPP
PA15(JTDI).GPIO_Label=OUT_8_EN
PA15(JTDI).GPIO_ModeDefaultOutputPP=GPIO_MODE_OUTPUT_PP
PA15(JTDI).GPIO_PuPd=GPIO_NOPULL
PA15(JTDI).GPIO_Speed=GPIO_SPEED_FREQ_LOW
PA15(JTDI).Locked=true
PA15(JTDI).PinState=GPIO_PIN_RESET
PA15(JTDI).Signal=GPIO_Output
PA2.GPIOParameters=GPIO_Speed_Default_HIGH
PA2.GPIO_Speed_Default_HIGH=GPIO_SPEED_FREQ_VERY_HIGH
PA2.Mode=RMII
PA2.Signal=ETH_MDIO
PA5.GPIOParameters=GPIO_PuPd,GPIO_Speed_Default_HIGH
PA5.GPIO_PuPd=GPIO_NOPULL
PA5.GPIO_Speed_Default_HIGH=GPIO_SPEED_FREQ_VERY_HIGH
PA5.Mode=RMII
PA5.Signal=ETH_TX_EN
PA7.GPIOParameters=GPIO_PuPd,GPIO_Speed_Default_HIGH
PA7.GPIO_PuPd=GPIO_NOPULL
PA7.GPIO_Speed_Default_HIGH=GPIO_SPEED_FREQ_VERY_HIGH
PA7.Mode=RMII
PA7.Signal=ETH_CRS_DV
PB0.GPIOParameters=GPIO_Label
PB0.GPIO_Label=ADC2_VOLTAGE
PB0.Locked=true
PB0.Signal=SharedAnalog_PB0
PB1.GPIOParameters=GPIO_Label
PB1.GPIO_Label=ADC1_CURRENT
PB1.Locked=true
PB1.Signal=ADCx_INP5
PB10.GPIOParameters=GPIO_Speed,GPIO_PuPd,GPIO_Label
PB10.GPIO_Label=LED_DATA
PB10.GPIO_PuPd=GPIO_NOPULL
PB10.GPIO_Speed=GPIO_SPEED_FREQ_LOW
PB10.Locked=true
PB10.Signal=S_TIM2_CH3
PB12.GPIOParameters=GPIO_PuPd,GPIO_Speed_Default_HIGH
PB12.GPIO_PuPd=GPIO_NOPULL
PB12.GPIO_Speed_Default_HIGH=GPIO_SPEED_FREQ_VERY_HIGH
PB12.Mode=RMII
PB12.Signal=ETH_TXD0
PB15.GPIOParameters=GPIO_PuPd,GPIO_Speed_Default_HIGH
PB15.GPIO_PuPd=GPIO_NOPULL
PB15.GPIO_Speed_Default_HIGH=GPIO_SPEED_FREQ_VERY_HIGH
PB15.Mode=RMII
PB15.Signal=ETH_TXD1
PB3(JTDO/TRACESWO).GPIOParameters=GPIO_PuPd,GPIO_Label,GPIO_Mode,PinAttribute
PB3(JTDO/TRACESWO).GPIO_Label=SW_4
PB3(JTDO/TRACESWO).GPIO_Mode=GPIO_MODE_INPUT
PB3(JTDO/TRACESWO).GPIO_PuPd=GPIO_PULLDOWN
PB3(JTDO/TRACESWO).Locked=true
PB3(JTDO/TRACESWO).PinAttribute=Free
PB3(JTDO/TRACESWO).Signal=GPIO_Input
PB4(NJTRST).GPIOParameters=GPIO_PuPd,GPIO_Label,GPIO_Mode,PinAttribute
PB4(NJTRST).GPIO_Label=SW_5
PB4(NJTRST).GPIO_Mode=GPIO_MODE_INPUT
PB4(NJTRST).GPIO_PuPd=GPIO_PULLDOWN
PB4(NJTRST).Locked=true
PB4(NJTRST).PinAttribute=Free
PB4(NJTRST).Signal=GPIO_Input
PB5.GPIOParameters=GPIO_PuPd,GPIO_Label,GPIO_Mode,PinAttribute
PB5.GPIO_Label=SW_6
PB5.GPIO_Mode=GPIO_MODE_INPUT
PB5.GPIO_PuPd=GPIO_PULLDOWN
PB5.Locked=true
PB5.PinAttribute=Free
PB5.Signal=GPIO_Input
PB6.GPIOParameters=GPIO_PuPd,GPIO_Label,GPIO_Mode,PinAttribute
PB6.GPIO_Label=SW_7
PB6.GPIO_Mode=GPIO_MODE_INPUT
PB6.GPIO_PuPd=GPIO_PULLDOWN
PB6.Locked=true
PB6.PinAttribute=Free
PB6.Signal=GPIO_Input
PB7.GPIOParameters=GPIO_PuPd,GPIO_Label,GPIO_Mode,PinAttribute
PB7.GPIO_Label=SW_8
PB7.GPIO_Mode=GPIO_MODE_INPUT
PB7.GPIO_PuPd=GPIO_PULLDOWN
PB7.Locked=true
PB7.PinAttribute=Free
PB7.Signal=GPIO_Input
PB8.GPIOParameters=GPIO_Label
PB8.GPIO_Label=RS485_DE
PB8.Locked=true
PB8.Signal=GPIO_Output
PB9.GPIOParameters=GPIO_Label,PinAttribute
PB9.GPIO_Label=RS485_RE
PB9.Locked=true
PB9.PinAttribute=Free
PB9.Signal=GPIO_Output
PC1.GPIOParameters=GPIO_Speed_Default_HIGH
PC1.GPIO_Speed_Default_HIGH=GPIO_SPEED_FREQ_VERY_HIGH
PC1.Mode=RMII
PC1.Signal=ETH_MDC
PC10.GPIOParameters=GPIO_Speed,PinState,GPIO_PuPd,GPIO_Label,GPIO_ModeDefaultOutputPP
PC10.GPIO_Label=OUT_7_EN
PC10.GPIO_ModeDefaultOutputPP=GPIO_MODE_OUTPUT_PP
PC10.GPIO_PuPd=GPIO_NOPULL
PC10.GPIO_Speed=GPIO_SPEED_FREQ_LOW
PC10.Locked=true
PC10.PinState=GPIO_PIN_RESET
PC10.Signal=GPIO_Output
PC11.GPIOParameters=GPIO_Speed,PinState,GPIO_PuPd,GPIO_Label,GPIO_ModeDefaultOutputPP
PC11.GPIO_Label=OUT_6_EN
PC11.GPIO_ModeDefaultOutputPP=GPIO_MODE_OUTPUT_PP
PC11.GPIO_PuPd=GPIO_NOPULL
PC11.GPIO_Speed=GPIO_SPEED_FREQ_LOW
PC11.Locked=true
PC11.PinState=GPIO_PIN_RESET
PC11.Signal=GPIO_Output
PC12.GPIOParameters=GPIO_Speed,PinState,GPIO_PuPd,GPIO_Label,GPIO_ModeDefaultOutputPP
PC12.GPIO_Label=OUT_5_EN
PC12.GPIO_ModeDefaultOutputPP=GPIO_MODE_OUTPUT_PP
PC12.GPIO_PuPd=GPIO_NOPULL
PC12.GPIO_Speed=GPIO_SPEED_FREQ_LOW
PC12.Locked=true
PC12.PinState=GPIO_PIN_RESET
PC12.Signal=GPIO_Output
PC3.Locked=true
PC3.Signal=SharedAnalog_PC3
PC4.GPIOParameters=GPIO_PuPd,GPIO_Speed_Default_HIGH
PC4.GPIO_PuPd=GPIO_NOPULL
PC4.GPIO_Speed_Default_HIGH=GPIO_SPEED_FREQ_VERY_HIGH
PC4.Mode=RMII
PC4.Signal=ETH_RXD0
PC5.GPIOParameters=GPIO_PuPd,GPIO_Speed_Default_HIGH
PC5.GPIO_PuPd=GPIO_NOPULL
PC5.GPIO_Speed_Default_HIGH=GPIO_SPEED_FREQ_VERY_HIGH
PC5.Mode=RMII
PC5.Signal=ETH_RXD1
PD0.GPIOParameters=GPIO_Speed,PinState,GPIO_PuPd,GPIO_Label,GPIO_ModeDefaultOutputPP
PD0.GPIO_Label=OUT_4_EN
PD0.GPIO_ModeDefaultOutputPP=GPIO_MODE_OUTPUT_PP
PD0.GPIO_PuPd=GPIO_NOPULL
PD0.GPIO_Speed=GPIO_SPEED_FREQ_LOW
PD0.Locked=true
PD0.PinState=GPIO_PIN_RESET
PD0.Signal=GPIO_Output
PD1.GPIOParameters=GPIO_Speed,PinState,GPIO_PuPd,GPIO_Label,GPIO_ModeDefaultOutputPP
PD1.GPIO_Label=OUT_3_EN
PD1.GPIO_ModeDefaultOutputPP=GPIO_MODE_OUTPUT_PP
PD1.GPIO_PuPd=GPIO_NOPULL
PD1.GPIO_Speed=GPIO_SPEED_FREQ_LOW
PD1.Locked=true
PD1.PinState=GPIO_PIN_RESET
PD1.Signal=GPIO_Output
PD10.GPIOParameters=GPIO_PuPd,GPIO_Label,GPIO_Mode
PD10.GPIO_Label=BTN_6
PD10.GPIO_Mode=GPIO_MODE_INPUT
PD10.GPIO_PuPd=GPIO_PULLDOWN
PD10.Locked=true
PD10.Signal=GPIO_Input
PD11.GPIOParameters=GPIO_PuPd,GPIO_Label,GPIO_Mode
PD11.GPIO_Label=BTN_5
PD11.GPIO_Mode=GPIO_MODE_INPUT
PD11.GPIO_PuPd=GPIO_PULLDOWN
PD11.Locked=true
PD11.Signal=GPIO_Input
PD12.GPIOParameters=GPIO_PuPd,GPIO_Label,GPIO_Mode
PD12.GPIO_Label=BTN_4
PD12.GPIO_Mode=GPIO_MODE_INPUT
PD12.GPIO_PuPd=GPIO_PULLDOWN
PD12.Locked=true
PD12.Signal=GPIO_Input
PD13.GPIOParameters=GPIO_PuPd,GPIO_Label,GPIO_Mode
PD13.GPIO_Label=BTN_3
PD13.GPIO_Mode=GPIO_MODE_INPUT
PD13.GPIO_PuPd=GPIO_PULLDOWN
PD13.Locked=true
PD13.Signal=GPIO_Input
PD14.GPIOParameters=GPIO_PuPd,GPIO_Label,GPIO_Mode
PD14.GPIO_Label=BTN_2
PD14.GPIO_Mode=GPIO_MODE_INPUT
PD14.GPIO_PuPd=GPIO_PULLDOWN
PD14.Locked=true
PD14.Signal=GPIO_Input
PD15.GPIOParameters=GPIO_PuPd,GPIO_Label,GPIO_Mode
PD15.GPIO_Label=BTN_1
PD15.GPIO_Mode=GPIO_MODE_INPUT
PD15.GPIO_PuPd=GPIO_PULLDOWN
PD15.Locked=true
PD15.Signal=GPIO_Input
PD2.GPIOParameters=GPIO_Speed,PinState,GPIO_PuPd,GPIO_Label,GPIO_ModeDefaultOutputPP,PinAttribute
PD2.GPIO_Label=OUT_2_EN
PD2.GPIO_ModeDefaultOutputPP=GPIO_MODE_OUTPUT_PP
PD2.GPIO_PuPd=GPIO_NOPULL
PD2.GPIO_Speed=GPIO_SPEED_FREQ_LOW
PD2.Locked=true
PD2.PinAttribute=Free
PD2.PinState=GPIO_PIN_RESET
PD2.Signal=GPIO_Output
PD3.GPIOParameters=GPIO_Label,PinAttribute
PD3.GPIO_Label=OUT_1_EN
PD3.Locked=true
PD3.PinAttribute=Free
PD3.Signal=GPIO_Output
PD5.GPIOParameters=GPIO_PuPd,GPIO_Label,GPIO_Mode,PinAttribute
PD5.GPIO_Label=SW_1
PD5.GPIO_Mode=GPIO_MODE_INPUT
PD5.GPIO_PuPd=GPIO_PULLDOWN
PD5.Locked=true
PD5.PinAttribute=Free
PD5.Signal=GPIO_Input
PD6.GPIOParameters=GPIO_PuPd,GPIO_Label,GPIO_Mode,PinAttribute
PD6.GPIO_Label=SW_2
PD6.GPIO_Mode=GPIO_MODE_INPUT
PD6.GPIO_PuPd=GPIO_PULLDOWN
PD6.Locked=true
PD6.PinAttribute=Free
PD6.Signal=GPIO_Input
PD7.GPIOParameters=GPIO_PuPd,GPIO_Label,GPIO_Mode,PinAttribute
PD7.GPIO_Label=SW_3
PD7.GPIO_Mode=GPIO_MODE_INPUT
PD7.GPIO_PuPd=GPIO_PULLDOWN
PD7.Locked=true
PD7.PinAttribute=Free
PD7.Signal=GPIO_Input
PD8.GPIOParameters=GPIO_PuPd,GPIO_Label,GPIO_Mode
PD8.GPIO_Label=BTN_8
PD8.GPIO_Mode=GPIO_MODE_INPUT
PD8.GPIO_PuPd=GPIO_PULLDOWN
PD8.Locked=true
PD8.Signal=GPIO_Input
PD9.GPIOParameters=GPIO_PuPd,GPIO_Label,GPIO_Mode
PD9.GPIO_Label=BTN_7
PD9.GPIO_Mode=GPIO_MODE_INPUT
PD9.GPIO_PuPd=GPIO_PULLDOWN
PD9.Locked=true
PD9.Signal=GPIO_Input
PE0.GPIOParameters=GPIO_Speed,GPIO_PuPd,GPIO_Label,PinAttribute
PE0.GPIO_Label=RS485_RX
PE0.GPIO_PuPd=GPIO_PULLUP
PE0.GPIO_Speed=GPIO_SPEED_FREQ_LOW
PE0.Locked=true
PE0.Mode=Asynchronous
PE0.PinAttribute=Free
PE0.Signal=UART8_RX
PE10.GPIOParameters=GPIO_Speed,PinState,GPIO_PuPd,GPIO_Label,GPIO_ModeDefaultOutputPP
PE10.GPIO_Label=OUT_V_A2
PE10.GPIO_ModeDefaultOutputPP=GPIO_MODE_OUTPUT_PP
PE10.GPIO_PuPd=GPIO_PULLDOWN
PE10.GPIO_Speed=GPIO_SPEED_FREQ_LOW
PE10.Locked=true
PE10.PinState=GPIO_PIN_RESET
PE10.Signal=GPIO_Output
PE13.GPIOParameters=PinState,GPIO_Label
PE13.GPIO_Label=LED_PWR_EN
PE13.Locked=true
PE13.PinState=GPIO_PIN_SET
PE13.Signal=GPIO_Output
PE2.GPIOParameters=GPIO_Speed,GPIO_PuPd,GPIO_Label
PE2.GPIO_Label=RS485_TX
PE2.GPIO_PuPd=GPIO_PULLUP
PE2.GPIO_Speed=GPIO_SPEED_FREQ_LOW
PE2.Locked=true
PE2.Mode=Asynchronous
PE2.Signal=UART8_TX
PE3.GPIOParameters=GPIO_Speed,PinState,GPIO_PuPd,GPIO_Label,GPIO_ModeDefaultOutputPP
PE3.GPIO_Label=OUT_I_EN
PE3.GPIO_ModeDefaultOutputPP=GPIO_MODE_OUTPUT_PP
PE3.GPIO_PuPd=GPIO_PULLDOWN
PE3.GPIO_Speed=GPIO_SPEED_FREQ_LOW
PE3.Locked=true
PE3.PinState=GPIO_PIN_RESET
PE3.Signal=GPIO_Output
PE4.GPIOParameters=GPIO_Speed,PinState,GPIO_PuPd,GPIO_Label,GPIO_ModeDefaultOutputPP
PE4.GPIO_Label=OUT_I_A0
PE4.GPIO_ModeDefaultOutputPP=GPIO_MODE_OUTPUT_PP
PE4.GPIO_PuPd=GPIO_PULLDOWN
PE4.GPIO_Speed=GPIO_SPEED_FREQ_LOW
PE4.Locked=true
PE4.PinState=GPIO_PIN_RESET
PE4.Signal=GPIO_Output
PE5.GPIOParameters=GPIO_Speed,PinState,GPIO_PuPd,GPIO_Label,GPIO_ModeDefaultOutputPP
PE5.GPIO_Label=OUT_I_A1
PE5.GPIO_ModeDefaultOutputPP=GPIO_MODE_OUTPUT_PP
PE5.GPIO_PuPd=GPIO_PULLDOWN
PE5.GPIO_Speed=GPIO_SPEED_FREQ_LOW
PE5.Locked=true
PE5.PinState=GPIO_PIN_RESET
PE5.Signal=GPIO_Output
PE6.GPIOParameters=GPIO_Speed,PinState,GPIO_PuPd,GPIO_Label,GPIO_ModeDefaultOutputPP
PE6.GPIO_Label=OUT_I_A2
PE6.GPIO_ModeDefaultOutputPP=GPIO_MODE_OUTPUT_PP
PE6.GPIO_PuPd=GPIO_PULLDOWN
PE6.GPIO_Speed=GPIO_SPEED_FREQ_LOW
PE6.Locked=true
PE6.PinState=GPIO_PIN_RESET
PE6.Signal=GPIO_Output
PE7.GPIOParameters=GPIO_Speed,PinState,GPIO_PuPd,GPIO_Label,GPIO_ModeDefaultOutputPP
PE7.GPIO_Label=OUT_V_EN
PE7.GPIO_ModeDefaultOutputPP=GPIO_MODE_OUTPUT_PP
PE7.GPIO_PuPd=GPIO_PULLDOWN
PE7.GPIO_Speed=GPIO_SPEED_FREQ_LOW
PE7.Locked=true
PE7.PinState=GPIO_PIN_RESET
PE7.Signal=GPIO_Output
PE8.GPIOParameters=GPIO_Speed,PinState,GPIO_PuPd,GPIO_Label,GPIO_ModeDefaultOutputPP
PE8.GPIO_Label=OUT_V_A0
PE8.GPIO_ModeDefaultOutputPP=GPIO_MODE_OUTPUT_PP
PE8.GPIO_PuPd=GPIO_PULLDOWN
PE8.GPIO_Speed=GPIO_SPEED_FREQ_LOW
PE8.Locked=true
PE8.PinState=GPIO_PIN_RESET
PE8.Signal=GPIO_Output
PE9.GPIOParameters=GPIO_Speed,PinState,GPIO_PuPd,GPIO_Label,GPIO_ModeDefaultOutputPP
PE9.GPIO_Label=OUT_V_A1
PE9.GPIO_ModeDefaultOutputPP=GPIO_MODE_OUTPUT_PP
PE9.GPIO_PuPd=GPIO_PULLDOWN
PE9.GPIO_Speed=GPIO_SPEED_FREQ_LOW
PE9.Locked=true
PE9.PinState=GPIO_PIN_RESET
PE9.Signal=GPIO_Output
PH0-OSC_IN(PH0).Mode=HSE-External-Oscillator
PH0-OSC_IN(PH0).Signal=RCC_OSC_IN
PH1-OSC_OUT(PH1).Mode=HSE-External-Oscillator
PH1-OSC_OUT(PH1).Signal=RCC_OSC_OUT
PinOutPanel.RotationAngle=0
ProjectManager.AskForMigrate=true
ProjectManager.BackupPrevious=false
ProjectManager.CompilerOptimize=6
ProjectManager.ComputerToolchain=false
ProjectManager.CoupleFile=false
ProjectManager.CustomerFirmwarePackage=
ProjectManager.DefaultFWLocation=true
ProjectManager.DeletePrevious=true
ProjectManager.DeviceId=STM32H573VITx
ProjectManager.FirmwarePackage=STM32Cube FW_H5 V1.3.0
ProjectManager.FreePins=true
ProjectManager.HalAssertFull=true
ProjectManager.HeapSize=0x400
ProjectManager.KeepUserCode=true
ProjectManager.LastFirmware=true
ProjectManager.LibraryCopy=1
ProjectManager.MainLocation=Core/Src
ProjectManager.MultiThreaded=true
ProjectManager.NoMain=false
ProjectManager.PreviousToolchain=
ProjectManager.ProjectBuild=false
ProjectManager.ProjectFileName=defsecintel-fuseboard.ioc
ProjectManager.ProjectName=defsecintel-fuseboard
ProjectManager.ProjectStructure=
ProjectManager.RegisterCallBack=
ProjectManager.StackSize=0x800
ProjectManager.TargetToolchain=STM32CubeIDE
ProjectManager.ThreadSafeStrategy=CortexM33\:Default,
ProjectManager.ToolChainLocation=
ProjectManager.UAScriptAfterPath=
ProjectManager.UAScriptBeforePath=
ProjectManager.UnderRoot=true
ProjectManager.functionlistsort=1-SystemClock_Config-RCC-false-HAL-false,2-MX_GPIO_Init-GPIO-false-LL-true,3-MX_GPDMA1_Init-GPDMA1-false-HAL-true,4-MX_ETH_Init-ETH-false-HAL-true,5-MX_TIM2_Init-TIM2-false-HAL-true,6-MX_NetXDuo_Init-NETXDUO-false-HAL-false,7-MX_ICACHE_Init-ICACHE-false-HAL-true,8-MX_UART8_Init-UART8-false-LL-true,9-MX_ADC1_Init-ADC1-false-HAL-true,10-MX_ADC2_Init-ADC2-false-HAL-true,11-MX_TIM3_Init-TIM3-false-HAL-true,12-MX_CRC_Init-CRC-false-HAL-true,13-MX_FLASH_Init-FLASH-false-HAL-true,14-MX_WWDG_Init-WWDG-false-HAL-true,0-MX_CORTEX_M33_NS_Init-CORTEX_M33_NS-false-HAL-true,0-MX_PWR_Init-PWR-false-HAL-true,0-MX_VREFBUF_Init-VREFBUF-false-HAL-true
RCC.ADCCLockSelection=RCC_ADCDACCLKSOURCE_HSE
RCC.ADCFreq_Value=25000000
RCC.AHBFreq_Value=250000000
RCC.APB1Freq_Value=250000000
RCC.APB1TimFreq_Value=250000000
RCC.APB2Freq_Value=250000000
RCC.APB2TimFreq_Value=250000000
RCC.APB3Freq_Value=250000000
RCC.CECFreq_Value=32000
RCC.CKPERFreq_Value=32000000
RCC.CRSFreq_Value=48000000
RCC.CSI_VALUE=4000000
RCC.CortexFreq_Value=250000000
RCC.DACFreq_Value=32768
RCC.EPOD_VALUE=25000000
RCC.ETHFreq_Value=50000000
RCC.FCLKCortexFreq_Value=250000000
RCC.FDCANFreq_Value=25000000
RCC.FLatency-AdvancedSettings=FLASH_LATENCY_5
RCC.FamilyName=M
RCC.HCLKFreq_Value=250000000
RCC.HSE_VALUE=25000000
RCC.HSI48_VALUE=48000000
RCC.HSI_VALUE=64000000
RCC.I2C1Freq_Value=250000000
RCC.I2C2Freq_Value=250000000
RCC.I2C3Freq_Value=250000000
RCC.I2C4Freq_Value=250000000
RCC.I3C1Freq_Value=250000000
RCC.IPParameters=ADCCLockSelection,ADCFreq_Value,AHBFreq_Value,APB1Freq_Value,APB1TimFreq_Value,APB2Freq_Value,APB2TimFreq_Value,APB3Freq_Value,CECFreq_Value,CKPERFreq_Value,CRSFreq_Value,CSI_VALUE,CortexFreq_Value,DACFreq_Value,EPOD_VALUE,ETHFreq_Value,FCLKCortexFreq_Value,FDCANFreq_Value,FLatency-AdvancedSettings,FamilyName,HCLKFreq_Value,HSE_VALUE,HSI48_VALUE,HSI_VALUE,I2C1Freq_Value,I2C2Freq_Value,I2C3Freq_Value,I2C4Freq_Value,I3C1Freq_Value,LPTIM1Freq_Value,LPTIM2Freq_Value,LPTIM3Freq_Value,LPTIM4Freq_Value,LPTIM5Freq_Value,LPTIM6Freq_Value,LPUART1Freq_Value,LSCOPinFreq_Value,LSE_VALUE,LSIRC_VALUE,MCO1PinFreq_Value,MCO2PinFreq_Value,OCTOSPIMFreq_Value,PLL1Q,PLL2FRACN,PLL2M,PLL2N,PLL2PoutputFreq_Value,PLL2QoutputFreq_Value,PLL2R,PLL2RoutputFreq_Value,PLL2Source,PLL2_VCI_Range-AdvancedSettings,PLL3FRACN,PLL3M,PLL3N,PLL3PoutputFreq_Value,PLL3QoutputFreq_Value,PLL3RoutputFreq_Value,PLL3Source,PLLFRACN,PLLM,PLLN,PLLPoutputFreq_Value,PLLQoutputFreq_Value,PLLSourceVirtual,PWRFreq_Value,RNGFreq_Value,SAI1Freq_Value,SAI2Freq_Value,SDMMC1Freq_Value,SPI1Freq_Value,SPI2Freq_Value,SPI3Freq_Value,SPI4Freq_Value,SPI6Freq_Value,SYSCLKFreq_VALUE,SYSCLKSource,UART12Freq_Value,UART4Freq_Value,UART5Freq_Value,UART7Freq_Value,UART8Freq_Value,UART9Freq_Value,UCPD1outputFreq_Value,USART10Freq_Value,USART11Freq_Value,USART1Freq_Value,USART2Freq_Value,USART3Freq_Value,USART6Freq_Value,USBFreq_Value,VCOInput2Freq_Value,VCOInput3Freq_Value,VCOInputFreq_Value,VCOOutputFreq_Value,VCOPLL2OutputFreq_Value,VCOPLL3OutputFreq_Value
RCC.LPTIM1Freq_Value=250000000
RCC.LPTIM2Freq_Value=250000000
RCC.LPTIM3Freq_Value=250000000
RCC.LPTIM4Freq_Value=250000000
RCC.LPTIM5Freq_Value=250000000
RCC.LPTIM6Freq_Value=250000000
RCC.LPUART1Freq_Value=250000000
RCC.LSCOPinFreq_Value=32000
RCC.LSE_VALUE=32768
RCC.LSIRC_VALUE=32000
RCC.MCO1PinFreq_Value=32000000
RCC.MCO2PinFreq_Value=250000000
RCC.OCTOSPIMFreq_Value=250000000
RCC.PLL1Q=10
RCC.PLL2FRACN=0
RCC.PLL2M=2
RCC.PLL2N=40
RCC.PLL2PoutputFreq_Value=250000000
RCC.PLL2QoutputFreq_Value=250000000
RCC.PLL2R=80
RCC.PLL2RoutputFreq_Value=6250000
RCC.PLL2Source=RCC_PLL2_SOURCE_HSE
RCC.PLL2_VCI_Range-AdvancedSettings=RCC_PLL2_VCIRANGE_0
RCC.PLL3FRACN=0
RCC.PLL3M=2
RCC.PLL3N=40
RCC.PLL3PoutputFreq_Value=250000000
RCC.PLL3QoutputFreq_Value=250000000
RCC.PLL3RoutputFreq_Value=250000000
RCC.PLL3Source=RCC_PLL3_SOURCE_HSE
RCC.PLLFRACN=0
RCC.PLLM=2
RCC.PLLN=40
RCC.PLLPoutputFreq_Value=250000000
RCC.PLLQoutputFreq_Value=50000000
RCC.PLLSourceVirtual=RCC_PLL1_SOURCE_HSE
RCC.PWRFreq_Value=250000000
RCC.RNGFreq_Value=48000000
RCC.SAI1Freq_Value=250000000
RCC.SAI2Freq_Value=250000000
RCC.SDMMC1Freq_Value=50000000
RCC.SPI1Freq_Value=50000000
RCC.SPI2Freq_Value=50000000
RCC.SPI3Freq_Value=50000000
RCC.SPI4Freq_Value=250000000
RCC.SPI6Freq_Value=250000000
RCC.SYSCLKFreq_VALUE=250000000
RCC.SYSCLKSource=RCC_SYSCLKSOURCE_PLLCLK
RCC.UART12Freq_Value=250000000
RCC.UART4Freq_Value=250000000
RCC.UART5Freq_Value=250000000
RCC.UART7Freq_Value=250000000
RCC.UART8Freq_Value=250000000
RCC.UART9Freq_Value=250000000
RCC.UCPD1outputFreq_Value=8000000
RCC.USART10Freq_Value=250000000
RCC.USART11Freq_Value=250000000
RCC.USART1Freq_Value=250000000
RCC.USART2Freq_Value=250000000
RCC.USART3Freq_Value=250000000
RCC.USART6Freq_Value=250000000
RCC.USBFreq_Value=48000000
RCC.VCOInput2Freq_Value=12500000
RCC.VCOInput3Freq_Value=12500000
RCC.VCOInputFreq_Value=12500000
RCC.VCOOutputFreq_Value=500000000
RCC.VCOPLL2OutputFreq_Value=500000000
RCC.VCOPLL3OutputFreq_Value=500000000
SH.ADCx_INP5.0=ADC1_INP5
SH.ADCx_INP5.1=ADC2_INP5,IN5-Single-Ended
SH.ADCx_INP5.ConfNb=2
SH.S_TIM2_CH3.0=TIM2_CH3,PWM Generation3 CH3
SH.S_TIM2_CH3.ConfNb=1
SH.SharedAnalog_PB0.0=ADC1_INP9
SH.SharedAnalog_PB0.1=ADC1_INN5
SH.SharedAnalog_PB0.2=ADC2_INP9,IN9-Single-Ended
SH.SharedAnalog_PB0.ConfNb=3
SH.SharedAnalog_PC3.0=ADC2_INN12
SH.SharedAnalog_PC3.1=ADC2_INP13,IN13-Single-Ended
SH.SharedAnalog_PC3.ConfNb=2
THREADX.IPParameters=TX_APP_GENERATE_INIT_CODE,TX_APP_CREATION,TX_APP_MSG_QUEUE_CREATION,TX_APP_MEM_POOL_SIZE,TX_APP_THREAD_ENTRY,TX_APP_STACK_SIZE,TX_TIMER_TICKS_PER_SECOND
THREADX.TX_APP_CREATION=0
THREADX.TX_APP_GENERATE_INIT_CODE=true
THREADX.TX_APP_MEM_POOL_SIZE=40960
THREADX.TX_APP_MSG_QUEUE_CREATION=0
THREADX.TX_APP_STACK_SIZE=2*1024
THREADX.TX_APP_THREAD_ENTRY=App_Main_Thread_Entry
THREADX.TX_TIMER_TICKS_PER_SECOND=1000
TIM2.AutoReloadPreload=TIM_AUTORELOAD_PRELOAD_ENABLE
TIM2.Channel-PWM\ Generation3\ CH3=TIM_CHANNEL_3
TIM2.Dithering=Disable
TIM2.IPParameters=PeriodNoDither,AutoReloadPreload,Channel-PWM Generation3 CH3,PulseNoDither_3,Prescaler,OCFastMode_PWM-PWM Generation3 CH3,OCPolarity_3,Dithering,OC3Preload_PWM
TIM2.OC3Preload_PWM=ENABLE
TIM2.OCFastMode_PWM-PWM\ Generation3\ CH3=TIM_OCFAST_DISABLE
TIM2.OCPolarity_3=TIM_OCPOLARITY_HIGH
TIM2.PeriodNoDither=155
TIM2.Prescaler=1
TIM2.PulseNoDither_3=0
TIM3.IPParameters=TIM_MasterOutputTrigger,PeriodNoDither
TIM3.PeriodNoDither=9
TIM3.TIM_MasterOutputTrigger=TIM_TRGO_UPDATE
UART8.BaudRate=115200
UART8.DMADisableonRxErrorParam=UART_ADVFEATURE_DMA_ENABLEONRXERROR
UART8.FIFOMode=FIFOMODE_ENABLE
UART8.IPParameters=FIFOMode,DMADisableonRxErrorParam,SwapParam,TxPinLevelInvertParam,RxPinLevelInvertParam,OneBitSampling,RXFIFOThreshold,TXFIFOThreshold,WordLength,Parity,OverrunDisableParam,BaudRate
UART8.OneBitSampling=UART_ONE_BIT_SAMPLE_ENABLE
UART8.OverrunDisableParam=UART_ADVFEATURE_OVERRUN_ENABLE
UART8.Parity=PARITY_NONE
UART8.RXFIFOThreshold=RXFIFO_THRESHOLD_FULL
UART8.RxPinLevelInvertParam=UART_ADVFEATURE_RXINV_DISABLE
UART8.SwapParam=UART_ADVFEATURE_SWAP_DISABLE
UART8.TXFIFOThreshold=TXFIFO_THRESHOLD_EMPTY
UART8.TxPinLevelInvertParam=UART_ADVFEATURE_TXINV_DISABLE
UART8.WordLength=WORDLENGTH_8B
VP_ADC1_TempSens_Input.Mode=IN-TempSens
VP_ADC1_TempSens_Input.Signal=ADC1_TempSens_Input
VP_ADC1_Vref_Input.Mode=IN-Vrefint
VP_ADC1_Vref_Input.Signal=ADC1_Vref_Input
VP_BOOTPATH_VS_BOOTPATH.Mode=BP_Activate
VP_BOOTPATH_VS_BOOTPATH.Signal=BOOTPATH_VS_BOOTPATH
VP_CORTEX_M33_NS_VS_Hclk.Mode=Hclk_Mode
VP_CORTEX_M33_NS_VS_Hclk.Signal=CORTEX_M33_NS_VS_Hclk
VP_CRC_VS_CRC.Mode=CRC_Activate
VP_CRC_VS_CRC.Signal=CRC_VS_CRC
VP_FLASH_SIG_Activate_FlashIP.Mode=Activate_FlashIP
VP_FLASH_SIG_Activate_FlashIP.Signal=FLASH_SIG_Activate_FlashIP
VP_GPDMA1_VS_GPDMACH0.Mode=SIMPLEREQUEST_GPDMACH0
VP_GPDMA1_VS_GPDMACH0.Signal=GPDMA1_VS_GPDMACH0
VP_GPDMA1_VS_GPDMACH1.Mode=SIMPLEREQUEST_GPDMACH1
VP_GPDMA1_VS_GPDMACH1.Signal=GPDMA1_VS_GPDMACH1
VP_GPDMA1_VS_GPDMACH2.Mode=SIMPLEREQUEST_GPDMACH2
VP_GPDMA1_VS_GPDMACH2.Signal=GPDMA1_VS_GPDMACH2
VP_ICACHE_VS_ICACHE.Mode=DefaultMode
VP_ICACHE_VS_ICACHE.Signal=ICACHE_VS_ICACHE
VP_MEMORYMAP_VS_MEMORYMAP.Mode=CurAppReg
VP_MEMORYMAP_VS_MEMORYMAP.Signal=MEMORYMAP_VS_MEMORYMAP
VP_NETXDUO_VS_AddonsOoDHCP.Mode=Addons_DHCP_Client
VP_NETXDUO_VS_AddonsOoDHCP.Signal=NETXDUO_VS_AddonsOoDHCP
VP_NETXDUO_VS_AddonsOomDNS.Mode=Addons_mDNS
VP_NETXDUO_VS_AddonsOomDNS.Signal=NETXDUO_VS_AddonsOomDNS
VP_NETXDUO_VS_EthernetOoPhyOoInterface.Mode=LAN8742_Phy_Interface
VP_NETXDUO_VS_EthernetOoPhyOoInterface.Signal=NETXDUO_VS_EthernetOoPhyOoInterface
VP_NETXDUO_VS_NXOoCore.Mode=NX_Core
VP_NETXDUO_VS_NXOoCore.Signal=NETXDUO_VS_NXOoCore
VP_NETXDUO_VS_NetworkOoInterface.Mode=Ethernet_Interface
VP_NETXDUO_VS_NetworkOoInterface.Signal=NETXDUO_VS_NetworkOoInterface
VP_PWR_VS_DBSignals.Mode=DisableDeadBatterySignals
VP_PWR_VS_DBSignals.Signal=PWR_VS_DBSignals
VP_PWR_VS_LPOM.Mode=PowerOptimisation
VP_PWR_VS_LPOM.Signal=PWR_VS_LPOM
VP_PWR_VS_SECSignals.Mode=Security/Privilege
VP_PWR_VS_SECSignals.Signal=PWR_VS_SECSignals
VP_SYS_VS_tim6.Mode=TIM6
VP_SYS_VS_tim6.Signal=SYS_VS_tim6
VP_THREADX_VS_RTOSJjThreadXJjCoreJjDefault.Mode=Core_Default
VP_THREADX_VS_RTOSJjThreadXJjCoreJjDefault.Signal=THREADX_VS_RTOSJjThreadXJjCoreJjDefault
VP_TIM2_VS_ClockSourceINT.Mode=Internal
VP_TIM2_VS_ClockSourceINT.Signal=TIM2_VS_ClockSourceINT
VP_TIM3_VS_ClockSourceINT.Mode=Internal
VP_TIM3_VS_ClockSourceINT.Signal=TIM3_VS_ClockSourceINT
VP_TIM3_VS_OPM.Mode=OPM_bit
VP_TIM3_VS_OPM.Signal=TIM3_VS_OPM
VP_VREFBUF_V_VREFBUF.Mode=ExternalMode
VP_VREFBUF_V_VREFBUF.Signal=VREFBUF_V_VREFBUF
VP_WWDG_VS_WWDG.Mode=WWDG_Activate
VP_WWDG_VS_WWDG.Signal=WWDG_VS_WWDG
WWDG.Counter=127
WWDG.EWIMode=WWDG_EWI_ENABLE
WWDG.IPParameters=Prescaler,Window,Counter,EWIMode
WWDG.Prescaler=WWDG_PRESCALER_64
WWDG.Window=94
board=custom
isbadioc=false
